
Microsoft Visual Studio Solution File, Format Version 12.00
# Visual Studio Version 17
VisualStudioVersion = 17.5.33424.131
MinimumVisualStudioVersion = 10.0.40219.1
Project("{FAE04EC0-301F-11D3-BF4B-00C04F79EFBC}") = "HelloWorld", "HelloWorld\HelloWorld.csproj", "{CA37328C-4C2E-44D9-AD0D-8B4B72D7D690}"
EndProject
Global
	GlobalSection(SolutionConfigurationPlatforms) = preSolution
		Debug|Any CPU = Debug|Any CPU
		Release|Any CPU = Release|Any CPU
	EndGlobalSection
	GlobalSection(ProjectConfigurationPlatforms) = postSolution
		{CA37328C-4C2E-44D9-AD0D-8B4B72D7D690}.Debug|Any CPU.ActiveCfg = Debug|Any CPU
		{CA37328C-4C2E-44D9-AD0D-8B4B72D7D690}.Debug|Any CPU.Build.0 = Debug|Any CPU
		{CA37328C-4C2E-44D9-AD0D-8B4B72D7D690}.Release|Any CPU.ActiveCfg = Release|Any CPU
		{CA37328C-4C2E-44D9-AD0D-8B4B72D7D690}.Release|Any CPU.Build.0 = Release|Any CPU
	EndGlobalSection
	GlobalSection(SolutionProperties) = preSolution
		HideSolutionNode = FALSE
	EndGlobalSection
	GlobalSection(ExtensibilityGlobals) = postSolution
		SolutionGuid = {7B70D45A-83C1-4912-AF2B-E939B2DE87F4}
	EndGlobalSection
EndGlobal
